// !$*UTF8*$!
{
	archiveVersion = 1;
	classes = {
	};
	objectVersion = 50;
	objects = {

/* Begin PBXBuildFile section */
		2F2FD6E6262FFF6200EC6A95 /* AppDelegate.swift in Sources */ = {isa = PBXBuildFile; fileRef = 2F2FD6E5262FFF6200EC6A95 /* AppDelegate.swift */; };
		2F2FD6E8262FFF6200EC6A95 /* SceneDelegate.swift in Sources */ = {isa = PBXBuildFile; fileRef = 2F2FD6E7262FFF6200EC6A95 /* SceneDelegate.swift */; };
		2F2FD6EA262FFF6200EC6A95 /* ViewController.swift in Sources */ = {isa = PBXBuildFile; fileRef = 2F2FD6E9262FFF6200EC6A95 /* ViewController.swift */; };
		2F2FD6ED262FFF6200EC6A95 /* Main.storyboard in Resources */ = {isa = PBXBuildFile; fileRef = 2F2FD6EB262FFF6200EC6A95 /* Main.storyboard */; };
		2F2FD6F0262FFF6200EC6A95 /* roam_interview.xcdatamodeld in Sources */ = {isa = PBXBuildFile; fileRef = 2F2FD6EE262FFF6200EC6A95 /* roam_interview.xcdatamodeld */; };
		2F2FD6F2262FFF6800EC6A95 /* Assets.xcassets in Resources */ = {isa = PBXBuildFile; fileRef = 2F2FD6F1262FFF6800EC6A95 /* Assets.xcassets */; };
		2F2FD6F5262FFF6800EC6A95 /* LaunchScreen.storyboard in Resources */ = {isa = PBXBuildFile; fileRef = 2F2FD6F3262FFF6800EC6A95 /* LaunchScreen.storyboard */; };
		2F2FD700262FFF6900EC6A95 /* roam_interviewTests.swift in Sources */ = {isa = PBXBuildFile; fileRef = 2F2FD6FF262FFF6900EC6A95 /* roam_interviewTests.swift */; };
		2F2FD70B262FFF6900EC6A95 /* roam_interviewUITests.swift in Sources */ = {isa = PBXBuildFile; fileRef = 2F2FD70A262FFF6900EC6A95 /* roam_interviewUITests.swift */; };
		2F2FD73126300C6800EC6A95 /* locations.swift in Sources */ = {isa = PBXBuildFile; fileRef = 2F2FD73026300C6800EC6A95 /* locations.swift */; };
		3F1562E6E2D1931ACE2FEF1F /* Pods_roam_interview_roam_interviewUITests.framework in Frameworks */ = {isa = PBXBuildFile; fileRef = 65AF24943C6C48BD552568A4 /* Pods_roam_interview_roam_interviewUITests.framework */; };
		7B221DD3C2CD1A6C27E97ADA /* Pods_roam_interviewTests.framework in Frameworks */ = {isa = PBXBuildFile; fileRef = 90D57930DFF274A04FB94ADE /* Pods_roam_interviewTests.framework */; };
		F6D559A3C951681D7FBC80C7 /* Pods_roam_interview.framework in Frameworks */ = {isa = PBXBuildFile; fileRef = CBA23D6EF1845CC3886E59D7 /* Pods_roam_interview.framework */; };
/* End PBXBuildFile section */

/* Begin PBXContainerItemProxy section */
		2F2FD6FC262FFF6900EC6A95 /* PBXContainerItemProxy */ = {
			isa = PBXContainerItemProxy;
			containerPortal = 2F2FD6DA262FFF6200EC6A95 /* Project object */;
			proxyType = 1;
			remoteGlobalIDString = 2F2FD6E1262FFF6200EC6A95;
			remoteInfo = roam_interview;
		};
		2F2FD707262FFF6900EC6A95 /* PBXContainerItemProxy */ = {
			isa = PBXContainerItemProxy;
			containerPortal = 2F2FD6DA262FFF6200EC6A95 /* Project object */;
			proxyType = 1;
			remoteGlobalIDString = 2F2FD6E1262FFF6200EC6A95;
			remoteInfo = roam_interview;
		};
/* End PBXContainerItemProxy section */

/* Begin PBXFileReference section */
		2F2FD6E2262FFF6200EC6A95 /* roam_interview.app */ = {isa = PBXFileReference; explicitFileType = wrapper.application; includeInIndex = 0; path = roam_interview.app; sourceTree = BUILT_PRODUCTS_DIR; };
		2F2FD6E5262FFF6200EC6A95 /* AppDelegate.swift */ = {isa = PBXFileReference; lastKnownFileType = sourcecode.swift; path = AppDelegate.swift; sourceTree = "<group>"; };
		2F2FD6E7262FFF6200EC6A95 /* SceneDelegate.swift */ = {isa = PBXFileReference; lastKnownFileType = sourcecode.swift; path = SceneDelegate.swift; sourceTree = "<group>"; };
		2F2FD6E9262FFF6200EC6A95 /* ViewController.swift */ = {isa = PBXFileReference; lastKnownFileType = sourcecode.swift; path = ViewController.swift; sourceTree = "<group>"; };
		2F2FD6EC262FFF6200EC6A95 /* Base */ = {isa = PBXFileReference; lastKnownFileType = file.storyboard; name = Base; path = Base.lproj/Main.storyboard; sourceTree = "<group>"; };
		2F2FD6EF262FFF6200EC6A95 /* roam_interview.xcdatamodel */ = {isa = PBXFileReference; lastKnownFileType = wrapper.xcdatamodel; path = roam_interview.xcdatamodel; sourceTree = "<group>"; };
		2F2FD6F1262FFF6800EC6A95 /* Assets.xcassets */ = {isa = PBXFileReference; lastKnownFileType = folder.assetcatalog; path = Assets.xcassets; sourceTree = "<group>"; };
		2F2FD6F4262FFF6800EC6A95 /* Base */ = {isa = PBXFileReference; lastKnownFileType = file.storyboard; name = Base; path = Base.lproj/LaunchScreen.storyboard; sourceTree = "<group>"; };
		2F2FD6F6262FFF6800EC6A95 /* Info.plist */ = {isa = PBXFileReference; lastKnownFileType = text.plist.xml; path = Info.plist; sourceTree = "<group>"; };
		2F2FD6FB262FFF6900EC6A95 /* roam_interviewTests.xctest */ = {isa = PBXFileReference; explicitFileType = wrapper.cfbundle; includeInIndex = 0; path = roam_interviewTests.xctest; sourceTree = BUILT_PRODUCTS_DIR; };
		2F2FD6FF262FFF6900EC6A95 /* roam_interviewTests.swift */ = {isa = PBXFileReference; lastKnownFileType = sourcecode.swift; path = roam_interviewTests.swift; sourceTree = "<group>"; };
		2F2FD701262FFF6900EC6A95 /* Info.plist */ = {isa = PBXFileReference; lastKnownFileType = text.plist.xml; path = Info.plist; sourceTree = "<group>"; };
		2F2FD706262FFF6900EC6A95 /* roam_interviewUITests.xctest */ = {isa = PBXFileReference; explicitFileType = wrapper.cfbundle; includeInIndex = 0; path = roam_interviewUITests.xctest; sourceTree = BUILT_PRODUCTS_DIR; };
		2F2FD70A262FFF6900EC6A95 /* roam_interviewUITests.swift */ = {isa = PBXFileReference; lastKnownFileType = sourcecode.swift; path = roam_interviewUITests.swift; sourceTree = "<group>"; };
		2F2FD70C262FFF6900EC6A95 /* Info.plist */ = {isa = PBXFileReference; lastKnownFileType = text.plist.xml; path = Info.plist; sourceTree = "<group>"; };
		2F2FD73026300C6800EC6A95 /* locations.swift */ = {isa = PBXFileReference; lastKnownFileType = sourcecode.swift; path = locations.swift; sourceTree = "<group>"; };
		35DB2B975313EF5CE8BF439D /* Pods-roam_interview.debug.xcconfig */ = {isa = PBXFileReference; includeInIndex = 1; lastKnownFileType = text.xcconfig; name = "Pods-roam_interview.debug.xcconfig"; path = "Target Support Files/Pods-roam_interview/Pods-roam_interview.debug.xcconfig"; sourceTree = "<group>"; };
		52E18A01A6134BBA2B8F651C /* Pods-roam_interview-roam_interviewUITests.debug.xcconfig */ = {isa = PBXFileReference; includeInIndex = 1; lastKnownFileType = text.xcconfig; name = "Pods-roam_interview-roam_interviewUITests.debug.xcconfig"; path = "Target Support Files/Pods-roam_interview-roam_interviewUITests/Pods-roam_interview-roam_interviewUITests.debug.xcconfig"; sourceTree = "<group>"; };
		65AF24943C6C48BD552568A4 /* Pods_roam_interview_roam_interviewUITests.framework */ = {isa = PBXFileReference; explicitFileType = wrapper.framework; includeInIndex = 0; path = Pods_roam_interview_roam_interviewUITests.framework; sourceTree = BUILT_PRODUCTS_DIR; };
		83716A0D632CF57FC7432675 /* Pods-roam_interviewTests.debug.xcconfig */ = {isa = PBXFileReference; includeInIndex = 1; lastKnownFileType = text.xcconfig; name = "Pods-roam_interviewTests.debug.xcconfig"; path = "Target Support Files/Pods-roam_interviewTests/Pods-roam_interviewTests.debug.xcconfig"; sourceTree = "<group>"; };
		85EEB896665B90131A9A92AC /* Pods-roam_interviewTests.release.xcconfig */ = {isa = PBXFileReference; includeInIndex = 1; lastKnownFileType = text.xcconfig; name = "Pods-roam_interviewTests.release.xcconfig"; path = "Target Support Files/Pods-roam_interviewTests/Pods-roam_interviewTests.release.xcconfig"; sourceTree = "<group>"; };
		90D57930DFF274A04FB94ADE /* Pods_roam_interviewTests.framework */ = {isa = PBXFileReference; explicitFileType = wrapper.framework; includeInIndex = 0; path = Pods_roam_interviewTests.framework; sourceTree = BUILT_PRODUCTS_DIR; };
		97412E709067B3597A105B0B /* Pods-roam_interview-roam_interviewUITests.release.xcconfig */ = {isa = PBXFileReference; includeInIndex = 1; lastKnownFileType = text.xcconfig; name = "Pods-roam_interview-roam_interviewUITests.release.xcconfig"; path = "Target Support Files/Pods-roam_interview-roam_interviewUITests/Pods-roam_interview-roam_interviewUITests.release.xcconfig"; sourceTree = "<group>"; };
		A10D0A8CBBACD1E9D1564E1F /* Pods-roam_interview.release.xcconfig */ = {isa = PBXFileReference; includeInIndex = 1; lastKnownFileType = text.xcconfig; name = "Pods-roam_interview.release.xcconfig"; path = "Target Support Files/Pods-roam_interview/Pods-roam_interview.release.xcconfig"; sourceTree = "<group>"; };
		CBA23D6EF1845CC3886E59D7 /* Pods_roam_interview.framework */ = {isa = PBXFileReference; explicitFileType = wrapper.framework; includeInIndex = 0; path = Pods_roam_interview.framework; sourceTree = BUILT_PRODUCTS_DIR; };
/* End PBXFileReference section */

/* Begin PBXFrameworksBuildPhase section */
		2F2FD6DF262FFF6200EC6A95 /* Frameworks */ = {
			isa = PBXFrameworksBuildPhase;
			buildActionMask = 2147483647;
			files = (
				F6D559A3C951681D7FBC80C7 /* Pods_roam_interview.framework in Frameworks */,
			);
			runOnlyForDeploymentPostprocessing = 0;
		};
		2F2FD6F8262FFF6900EC6A95 /* Frameworks */ = {
			isa = PBXFrameworksBuildPhase;
			buildActionMask = 2147483647;
			files = (
				7B221DD3C2CD1A6C27E97ADA /* Pods_roam_interviewTests.framework in Frameworks */,
			);
			runOnlyForDeploymentPostprocessing = 0;
		};
		2F2FD703262FFF6900EC6A95 /* Frameworks */ = {
			isa = PBXFrameworksBuildPhase;
			buildActionMask = 2147483647;
			files = (
				3F1562E6E2D1931ACE2FEF1F /* Pods_roam_interview_roam_interviewUITests.framework in Frameworks */,
			);
			runOnlyForDeploymentPostprocessing = 0;
		};
/* End PBXFrameworksBuildPhase section */

/* Begin PBXGroup section */
		2F2FD6D9262FFF6200EC6A95 = {
			isa = PBXGroup;
			children = (
				2F2FD6E4262FFF6200EC6A95 /* roam_interview */,
				2F2FD6FE262FFF6900EC6A95 /* roam_interviewTests */,
				2F2FD709262FFF6900EC6A95 /* roam_interviewUITests */,
				2F2FD6E3262FFF6200EC6A95 /* Products */,
				321870B555F2E271E489BB65 /* Pods */,
				CE7B95D6C248CCED935230BA /* Frameworks */,
			);
			sourceTree = "<group>";
		};
		2F2FD6E3262FFF6200EC6A95 /* Products */ = {
			isa = PBXGroup;
			children = (
				2F2FD6E2262FFF6200EC6A95 /* roam_interview.app */,
				2F2FD6FB262FFF6900EC6A95 /* roam_interviewTests.xctest */,
				2F2FD706262FFF6900EC6A95 /* roam_interviewUITests.xctest */,
			);
			name = Products;
			sourceTree = "<group>";
		};
		2F2FD6E4262FFF6200EC6A95 /* roam_interview */ = {
			isa = PBXGroup;
			children = (
				2F2FD6E5262FFF6200EC6A95 /* AppDelegate.swift */,
				2F2FD6E7262FFF6200EC6A95 /* SceneDelegate.swift */,
				2F2FD6E9262FFF6200EC6A95 /* ViewController.swift */,
				2F2FD73026300C6800EC6A95 /* locations.swift */,
				2F2FD6EB262FFF6200EC6A95 /* Main.storyboard */,
				2F2FD6F1262FFF6800EC6A95 /* Assets.xcassets */,
				2F2FD6F3262FFF6800EC6A95 /* LaunchScreen.storyboard */,
				2F2FD6F6262FFF6800EC6A95 /* Info.plist */,
				2F2FD6EE262FFF6200EC6A95 /* roam_interview.xcdatamodeld */,
			);
			path = roam_interview;
			sourceTree = "<group>";
		};
		2F2FD6FE262FFF6900EC6A95 /* roam_interviewTests */ = {
			isa = PBXGroup;
			children = (
				2F2FD6FF262FFF6900EC6A95 /* roam_interviewTests.swift */,
				2F2FD701262FFF6900EC6A95 /* Info.plist */,
			);
			path = roam_interviewTests;
			sourceTree = "<group>";
		};
		2F2FD709262FFF6900EC6A95 /* roam_interviewUITests */ = {
			isa = PBXGroup;
			children = (
				2F2FD70A262FFF6900EC6A95 /* roam_interviewUITests.swift */,
				2F2FD70C262FFF6900EC6A95 /* Info.plist */,
			);
			path = roam_interviewUITests;
			sourceTree = "<group>";
		};
		321870B555F2E271E489BB65 /* Pods */ = {
			isa = PBXGroup;
			children = (
				35DB2B975313EF5CE8BF439D /* Pods-roam_interview.debug.xcconfig */,
				A10D0A8CBBACD1E9D1564E1F /* Pods-roam_interview.release.xcconfig */,
				52E18A01A6134BBA2B8F651C /* Pods-roam_interview-roam_interviewUITests.debug.xcconfig */,
				97412E709067B3597A105B0B /* Pods-roam_interview-roam_interviewUITests.release.xcconfig */,
				83716A0D632CF57FC7432675 /* Pods-roam_interviewTests.debug.xcconfig */,
				85EEB896665B90131A9A92AC /* Pods-roam_interviewTests.release.xcconfig */,
			);
			path = Pods;
			sourceTree = "<group>";
		};
		CE7B95D6C248CCED935230BA /* Frameworks */ = {
			isa = PBXGroup;
			children = (
				CBA23D6EF1845CC3886E59D7 /* Pods_roam_interview.framework */,
				65AF24943C6C48BD552568A4 /* Pods_roam_interview_roam_interviewUITests.framework */,
				90D57930DFF274A04FB94ADE /* Pods_roam_interviewTests.framework */,
			);
			name = Frameworks;
			sourceTree = "<group>";
		};
/* End PBXGroup section */

/* Begin PBXNativeTarget section */
		2F2FD6E1262FFF6200EC6A95 /* roam_interview */ = {
			isa = PBXNativeTarget;
			buildConfigurationList = 2F2FD70F262FFF6900EC6A95 /* Build configuration list for PBXNativeTarget "roam_interview" */;
			buildPhases = (
				4DD6F7030ED9A7F002935ACB /* [CP] Check Pods Manifest.lock */,
				2F2FD6DE262FFF6200EC6A95 /* Sources */,
				2F2FD6DF262FFF6200EC6A95 /* Frameworks */,
				2F2FD6E0262FFF6200EC6A95 /* Resources */,
			);
			buildRules = (
			);
			dependencies = (
			);
			name = roam_interview;
			productName = roam_interview;
			productReference = 2F2FD6E2262FFF6200EC6A95 /* roam_interview.app */;
			productType = "com.apple.product-type.application";
		};
		2F2FD6FA262FFF6900EC6A95 /* roam_interviewTests */ = {
			isa = PBXNativeTarget;
			buildConfigurationList = 2F2FD712262FFF6900EC6A95 /* Build configuration list for PBXNativeTarget "roam_interviewTests" */;
			buildPhases = (
				578AFE6F02D5DABF08EA4EC7 /* [CP] Check Pods Manifest.lock */,
				2F2FD6F7262FFF6900EC6A95 /* Sources */,
				2F2FD6F8262FFF6900EC6A95 /* Frameworks */,
				2F2FD6F9262FFF6900EC6A95 /* Resources */,
			);
			buildRules = (
			);
			dependencies = (
				2F2FD6FD262FFF6900EC6A95 /* PBXTargetDependency */,
			);
			name = roam_interviewTests;
			productName = roam_interviewTests;
			productReference = 2F2FD6FB262FFF6900EC6A95 /* roam_interviewTests.xctest */;
			productType = "com.apple.product-type.bundle.unit-test";
		};
		2F2FD705262FFF6900EC6A95 /* roam_interviewUITests */ = {
			isa = PBXNativeTarget;
			buildConfigurationList = 2F2FD715262FFF6900EC6A95 /* Build configuration list for PBXNativeTarget "roam_interviewUITests" */;
			buildPhases = (
				3E7734CBB81B2452797F426C /* [CP] Check Pods Manifest.lock */,
				2F2FD702262FFF6900EC6A95 /* Sources */,
				2F2FD703262FFF6900EC6A95 /* Frameworks */,
				2F2FD704262FFF6900EC6A95 /* Resources */,
			);
			buildRules = (
			);
			dependencies = (
				2F2FD708262FFF6900EC6A95 /* PBXTargetDependency */,
			);
			name = roam_interviewUITests;
			productName = roam_interviewUITests;
			productReference = 2F2FD706262FFF6900EC6A95 /* roam_interviewUITests.xctest */;
			productType = "com.apple.product-type.bundle.ui-testing";
		};
/* End PBXNativeTarget section */

/* Begin PBXProject section */
		2F2FD6DA262FFF6200EC6A95 /* Project object */ = {
			isa = PBXProject;
			attributes = {
				LastSwiftUpdateCheck = 1240;
				LastUpgradeCheck = 1240;
				TargetAttributes = {
					2F2FD6E1262FFF6200EC6A95 = {
						CreatedOnToolsVersion = 12.4;
					};
					2F2FD6FA262FFF6900EC6A95 = {
						CreatedOnToolsVersion = 12.4;
						TestTargetID = 2F2FD6E1262FFF6200EC6A95;
					};
					2F2FD705262FFF6900EC6A95 = {
						CreatedOnToolsVersion = 12.4;
						TestTargetID = 2F2FD6E1262FFF6200EC6A95;
					};
				};
			};
			buildConfigurationList = 2F2FD6DD262FFF6200EC6A95 /* Build configuration list for PBXProject "roam_interview" */;
			compatibilityVersion = "Xcode 9.3";
			developmentRegion = en;
			hasScannedForEncodings = 0;
			knownRegions = (
				en,
				Base,
			);
			mainGroup = 2F2FD6D9262FFF6200EC6A95;
			productRefGroup = 2F2FD6E3262FFF6200EC6A95 /* Products */;
			projectDirPath = "";
			projectRoot = "";
			targets = (
				2F2FD6E1262FFF6200EC6A95 /* roam_interview */,
				2F2FD6FA262FFF6900EC6A95 /* roam_interviewTests */,
				2F2FD705262FFF6900EC6A95 /* roam_interviewUITests */,
			);
		};
/* End PBXProject section */

/* Begin PBXResourcesBuildPhase section */
		2F2FD6E0262FFF6200EC6A95 /* Resources */ = {
			isa = PBXResourcesBuildPhase;
			buildActionMask = 2147483647;
			files = (
				2F2FD6F5262FFF6800EC6A95 /* LaunchScreen.storyboard in Resources */,
				2F2FD6F2262FFF6800EC6A95 /* Assets.xcassets in Resources */,
				2F2FD6ED262FFF6200EC6A95 /* Main.storyboard in Resources */,
			);
			runOnlyForDeploymentPostprocessing = 0;
		};
		2F2FD6F9262FFF6900EC6A95 /* Resources */ = {
			isa = PBXResourcesBuildPhase;
			buildActionMask = 2147483647;
			files = (
			);
			runOnlyForDeploymentPostprocessing = 0;
		};
		2F2FD704262FFF6900EC6A95 /* Resources */ = {
			isa = PBXResourcesBuildPhase;
			buildActionMask = 2147483647;
			files = (
			);
			runOnlyForDeploymentPostprocessing = 0;
		};
/* End PBXResourcesBuildPhase section */

/* Begin PBXShellScriptBuildPhase section */
		3E7734CBB81B2452797F426C /* [CP] Check Pods Manifest.lock */ = {
			isa = PBXShellScriptBuildPhase;
			buildActionMask = 2147483647;
			files = (
			);
			inputFileListPaths = (
			);
			inputPaths = (
				"${PODS_PODFILE_DIR_PATH}/Podfile.lock",
				"${PODS_ROOT}/Manifest.lock",
			);
			name = "[CP] Check Pods Manifest.lock";
			outputFileListPaths = (
			);
			outputPaths = (
				"$(DERIVED_FILE_DIR)/Pods-roam_interview-roam_interviewUITests-checkManifestLockResult.txt",
			);
			runOnlyForDeploymentPostprocessing = 0;
			shellPath = /bin/sh;
			shellScript = "diff \"${PODS_PODFILE_DIR_PATH}/Podfile.lock\" \"${PODS_ROOT}/Manifest.lock\" > /dev/null\nif [ $? != 0 ] ; then\n    # print error to STDERR\n    echo \"error: The sandbox is not in sync with the Podfile.lock. Run 'pod install' or update your CocoaPods installation.\" >&2\n    exit 1\nfi\n# This output is used by Xcode 'outputs' to avoid re-running this script phase.\necho \"SUCCESS\" > \"${SCRIPT_OUTPUT_FILE_0}\"\n";
			showEnvVarsInLog = 0;
		};
		4DD6F7030ED9A7F002935ACB /* [CP] Check Pods Manifest.lock */ = {
			isa = PBXShellScriptBuildPhase;
			buildActionMask = 2147483647;
			files = (
			);
			inputFileListPaths = (
			);
			inputPaths = (
				"${PODS_PODFILE_DIR_PATH}/Podfile.lock",
				"${PODS_ROOT}/Manifest.lock",
			);
			name = "[CP] Check Pods Manifest.lock";
			outputFileListPaths = (
			);
			outputPaths = (
				"$(DERIVED_FILE_DIR)/Pods-roam_interview-checkManifestLockResult.txt",
			);
			runOnlyForDeploymentPostprocessing = 0;
			shellPath = /bin/sh;
			shellScript = "diff \"${PODS_PODFILE_DIR_PATH}/Podfile.lock\" \"${PODS_ROOT}/Manifest.lock\" > /dev/null\nif [ $? != 0 ] ; then\n    # print error to STDERR\n    echo \"error: The sandbox is not in sync with the Podfile.lock. Run 'pod install' or update your CocoaPods installation.\" >&2\n    exit 1\nfi\n# This output is used by Xcode 'outputs' to avoid re-running this script phase.\necho \"SUCCESS\" > \"${SCRIPT_OUTPUT_FILE_0}\"\n";
			showEnvVarsInLog = 0;
		};
		578AFE6F02D5DABF08EA4EC7 /* [CP] Check Pods Manifest.lock */ = {
			isa = PBXShellScriptBuildPhase;
			buildActionMask = 2147483647;
			files = (
			);
			inputFileListPaths = (
			);
			inputPaths = (
				"${PODS_PODFILE_DIR_PATH}/Podfile.lock",
				"${PODS_ROOT}/Manifest.lock",
			);
			name = "[CP] Check Pods Manifest.lock";
			outputFileListPaths = (
			);
			outputPaths = (
				"$(DERIVED_FILE_DIR)/Pods-roam_interviewTests-checkManifestLockResult.txt",
			);
			runOnlyForDeploymentPostprocessing = 0;
			shellPath = /bin/sh;
			shellScript = "diff \"${PODS_PODFILE_DIR_PATH}/Podfile.lock\" \"${PODS_ROOT}/Manifest.lock\" > /dev/null\nif [ $? != 0 ] ; then\n    # print error to STDERR\n    echo \"error: The sandbox is not in sync with the Podfile.lock. Run 'pod install' or update your CocoaPods installation.\" >&2\n    exit 1\nfi\n# This output is used by Xcode 'outputs' to avoid re-running this script phase.\necho \"SUCCESS\" > \"${SCRIPT_OUTPUT_FILE_0}\"\n";
			showEnvVarsInLog = 0;
		};
/* End PBXShellScriptBuildPhase section */

/* Begin PBXSourcesBuildPhase section */
		2F2FD6DE262FFF6200EC6A95 /* Sources */ = {
			isa = PBXSourcesBuildPhase;
			buildActionMask = 2147483647;
			files = (
				2F2FD6EA262FFF6200EC6A95 /* ViewController.swift in Sources */,
				2F2FD6E6262FFF6200EC6A95 /* AppDelegate.swift in Sources */,
				2F2FD73126300C6800EC6A95 /* locations.swift in Sources */,
				2F2FD6F0262FFF6200EC6A95 /* roam_interview.xcdatamodeld in Sources */,
				2F2FD6E8262FFF6200EC6A95 /* SceneDelegate.swift in Sources */,
			);
			runOnlyForDeploymentPostprocessing = 0;
		};
		2F2FD6F7262FFF6900EC6A95 /* Sources */ = {
			isa = PBXSourcesBuildPhase;
			buildActionMask = 2147483647;
			files = (
				2F2FD700262FFF6900EC6A95 /* roam_interviewTests.swift in Sources */,
			);
			runOnlyForDeploymentPostprocessing = 0;
		};
		2F2FD702262FFF6900EC6A95 /* Sources */ = {
			isa = PBXSourcesBuildPhase;
			buildActionMask = 2147483647;
			files = (
				2F2FD70B262FFF6900EC6A95 /* roam_interviewUITests.swift in Sources */,
			);
			runOnlyForDeploymentPostprocessing = 0;
		};
/* End PBXSourcesBuildPhase section */

/* Begin PBXTargetDependency section */
		2F2FD6FD262FFF6900EC6A95 /* PBXTargetDependency */ = {
			isa = PBXTargetDependency;
			target = 2F2FD6E1262FFF6200EC6A95 /* roam_interview */;
			targetProxy = 2F2FD6FC262FFF6900EC6A95 /* PBXContainerItemProxy */;
		};
		2F2FD708262FFF6900EC6A95 /* PBXTargetDependency */ = {
			isa = PBXTargetDependency;
			target = 2F2FD6E1262FFF6200EC6A95 /* roam_interview */;
			targetProxy = 2F2FD707262FFF6900EC6A95 /* PBXContainerItemProxy */;
		};
/* End PBXTargetDependency section */

/* Begin PBXVariantGroup section */
		2F2FD6EB262FFF6200EC6A95 /* Main.storyboard */ = {
			isa = PBXVariantGroup;
			children = (
				2F2FD6EC262FFF6200EC6A95 /* Base */,
			);
			name = Main.storyboard;
			sourceTree = "<group>";
		};
		2F2FD6F3262FFF6800EC6A95 /* LaunchScreen.storyboard */ = {
			isa = PBXVariantGroup;
			children = (
				2F2FD6F4262FFF6800EC6A95 /* Base */,
			);
			name = LaunchScreen.storyboard;
			sourceTree = "<group>";
		};
/* End PBXVariantGroup section */

/* Begin XCBuildConfiguration section */
		2F2FD70D262FFF6900EC6A95 /* Debug */ = {
			isa = XCBuildConfiguration;
			buildSettings = {
				ALWAYS_SEARCH_USER_PATHS = NO;
				CLANG_ANALYZER_NONNULL = YES;
				CLANG_ANALYZER_NUMBER_OBJECT_CONVERSION = YES_AGGRESSIVE;
				CLANG_CXX_LANGUAGE_STANDARD = "gnu++14";
				CLANG_CXX_LIBRARY = "libc++";
				CLANG_ENABLE_MODULES = YES;
				CLANG_ENABLE_OBJC_ARC = YES;
				CLANG_ENABLE_OBJC_WEAK = YES;
				CLANG_WARN_BLOCK_CAPTURE_AUTORELEASING = YES;
				CLANG_WARN_BOOL_CONVERSION = YES;
				CLANG_WARN_COMMA = YES;
				CLANG_WARN_CONSTANT_CONVERSION = YES;
				CLANG_WARN_DEPRECATED_OBJC_IMPLEMENTATIONS = YES;
				CLANG_WARN_DIRECT_OBJC_ISA_USAGE = YES_ERROR;
				CLANG_WARN_DOCUMENTATION_COMMENTS = YES;
				CLANG_WARN_EMPTY_BODY = YES;
				CLANG_WARN_ENUM_CONVERSION = YES;
				CLANG_WARN_INFINITE_RECURSION = YES;
				CLANG_WARN_INT_CONVERSION = YES;
				CLANG_WARN_NON_LITERAL_NULL_CONVERSION = YES;
				CLANG_WARN_OBJC_IMPLICIT_RETAIN_SELF = YES;
				CLANG_WARN_OBJC_LITERAL_CONVERSION = YES;
				CLANG_WARN_OBJC_ROOT_CLASS = YES_ERROR;
				CLANG_WARN_QUOTED_INCLUDE_IN_FRAMEWORK_HEADER = YES;
				CLANG_WARN_RANGE_LOOP_ANALYSIS = YES;
				CLANG_WARN_STRICT_PROTOTYPES = YES;
				CLANG_WARN_SUSPICIOUS_MOVE = YES;
				CLANG_WARN_UNGUARDED_AVAILABILITY = YES_AGGRESSIVE;
				CLANG_WARN_UNREACHABLE_CODE = YES;
				CLANG_WARN__DUPLICATE_METHOD_MATCH = YES;
				COPY_PHASE_STRIP = NO;
				DEBUG_INFORMATION_FORMAT = dwarf;
				ENABLE_STRICT_OBJC_MSGSEND = YES;
				ENABLE_TESTABILITY = YES;
				GCC_C_LANGUAGE_STANDARD = gnu11;
				GCC_DYNAMIC_NO_PIC = NO;
				GCC_NO_COMMON_BLOCKS = YES;
				GCC_OPTIMIZATION_LEVEL = 0;
				GCC_PREPROCESSOR_DEFINITIONS = (
					"DEBUG=1",
					"$(inherited)",
				);
				GCC_WARN_64_TO_32_BIT_CONVERSION = YES;
				GCC_WARN_ABOUT_RETURN_TYPE = YES_ERROR;
				GCC_WARN_UNDECLARED_SELECTOR = YES;
				GCC_WARN_UNINITIALIZED_AUTOS = YES_AGGRESSIVE;
				GCC_WARN_UNUSED_FUNCTION = YES;
				GCC_WARN_UNUSED_VARIABLE = YES;
				IPHONEOS_DEPLOYMENT_TARGET = 14.4;
				MTL_ENABLE_DEBUG_INFO = INCLUDE_SOURCE;
				MTL_FAST_MATH = YES;
				ONLY_ACTIVE_ARCH = YES;
				SDKROOT = iphoneos;
				SWIFT_ACTIVE_COMPILATION_CONDITIONS = DEBUG;
				SWIFT_OPTIMIZATION_LEVEL = "-Onone";
			};
			name = Debug;
		};
		2F2FD70E262FFF6900EC6A95 /* Release */ = {
			isa = XCBuildConfiguration;
			buildSettings = {
				ALWAYS_SEARCH_USER_PATHS = NO;
				CLANG_ANALYZER_NONNULL = YES;
				CLANG_ANALYZER_NUMBER_OBJECT_CONVERSION = YES_AGGRESSIVE;
				CLANG_CXX_LANGUAGE_STANDARD = "gnu++14";
				CLANG_CXX_LIBRARY = "libc++";
				CLANG_ENABLE_MODULES = YES;
				CLANG_ENABLE_OBJC_ARC = YES;
				CLANG_ENABLE_OBJC_WEAK = YES;
				CLANG_WARN_BLOCK_CAPTURE_AUTORELEASING = YES;
				CLANG_WARN_BOOL_CONVERSION = YES;
				CLANG_WARN_COMMA = YES;
				CLANG_WARN_CONSTANT_CONVERSION = YES;
				CLANG_WARN_DEPRECATED_OBJC_IMPLEMENTATIONS = YES;
				CLANG_WARN_DIRECT_OBJC_ISA_USAGE = YES_ERROR;
				CLANG_WARN_DOCUMENTATION_COMMENTS = YES;
				CLANG_WARN_EMPTY_BODY = YES;
				CLANG_WARN_ENUM_CONVERSION = YES;
				CLANG_WARN_INFINITE_RECURSION = YES;
				CLANG_WARN_INT_CONVERSION = YES;
				CLANG_WARN_NON_LITERAL_NULL_CONVERSION = YES;
				CLANG_WARN_OBJC_IMPLICIT_RETAIN_SELF = YES;
				CLANG_WARN_OBJC_LITERAL_CONVERSION = YES;
				CLANG_WARN_OBJC_ROOT_CLASS = YES_ERROR;
				CLANG_WARN_QUOTED_INCLUDE_IN_FRAMEWORK_HEADER = YES;
				CLANG_WARN_RANGE_LOOP_ANALYSIS = YES;
				CLANG_WARN_STRICT_PROTOTYPES = YES;
				CLANG_WARN_SUSPICIOUS_MOVE = YES;
				CLANG_WARN_UNGUARDED_AVAILABILITY = YES_AGGRESSIVE;
				CLANG_WARN_UNREACHABLE_CODE = YES;
				CLANG_WARN__DUPLICATE_METHOD_MATCH = YES;
				COPY_PHASE_STRIP = NO;
				DEBUG_INFORMATION_FORMAT = "dwarf-with-dsym";
				ENABLE_NS_ASSERTIONS = NO;
				ENABLE_STRICT_OBJC_MSGSEND = YES;
				GCC_C_LANGUAGE_STANDARD = gnu11;
				GCC_NO_COMMON_BLOCKS = YES;
				GCC_WARN_64_TO_32_BIT_CONVERSION = YES;
				GCC_WARN_ABOUT_RETURN_TYPE = YES_ERROR;
				GCC_WARN_UNDECLARED_SELECTOR = YES;
				GCC_WARN_UNINITIALIZED_AUTOS = YES_AGGRESSIVE;
				GCC_WARN_UNUSED_FUNCTION = YES;
				GCC_WARN_UNUSED_VARIABLE = YES;
				IPHONEOS_DEPLOYMENT_TARGET = 14.4;
				MTL_ENABLE_DEBUG_INFO = NO;
				MTL_FAST_MATH = YES;
				SDKROOT = iphoneos;
				SWIFT_COMPILATION_MODE = wholemodule;
				SWIFT_OPTIMIZATION_LEVEL = "-O";
				VALIDATE_PRODUCT = YES;
			};
			name = Release;
		};
		2F2FD710262FFF6900EC6A95 /* Debug */ = {
			isa = XCBuildConfiguration;
			baseConfigurationReference = 35DB2B975313EF5CE8BF439D /* Pods-roam_interview.debug.xcconfig */;
			buildSettings = {
				ASSETCATALOG_COMPILER_APPICON_NAME = AppIcon;
				ASSETCATALOG_COMPILER_GLOBAL_ACCENT_COLOR_NAME = AccentColor;
				CODE_SIGN_STYLE = Automatic;
				DEVELOPMENT_TEAM = 2H486ZZW34;
				INFOPLIST_FILE = roam_interview/Info.plist;
				IPHONEOS_DEPLOYMENT_TARGET = 13.0;
				LD_RUNPATH_SEARCH_PATHS = (
					"$(inherited)",
					"@executable_path/Frameworks",
				);
				PRODUCT_BUNDLE_IDENTIFIER = "com.dev.roam-interview";
				PRODUCT_NAME = "$(TARGET_NAME)";
				SWIFT_VERSION = 5.0;
				TARGETED_DEVICE_FAMILY = 1;
			};
			name = Debug;
		};
		2F2FD711262FFF6900EC6A95 /* Release */ = {
			isa = XCBuildConfiguration;
			baseConfigurationReference = A10D0A8CBBACD1E9D1564E1F /* Pods-roam_interview.release.xcconfig */;
			buildSettings = {
				ASSETCATALOG_COMPILER_APPICON_NAME = AppIcon;
				ASSETCATALOG_COMPILER_GLOBAL_ACCENT_COLOR_NAME = AccentColor;
				CODE_SIGN_STYLE = Automatic;
				DEVELOPMENT_TEAM = 2H486ZZW34;
				INFOPLIST_FILE = roam_interview/Info.plist;
				IPHONEOS_DEPLOYMENT_TARGET = 13.0;
				LD_RUNPATH_SEARCH_PATHS = (
					"$(inherited)",
					"@executable_path/Frameworks",
				);
				PRODUCT_BUNDLE_IDENTIFIER = "com.dev.roam-interview";
				PRODUCT_NAME = "$(TARGET_NAME)";
				SWIFT_VERSION = 5.0;
				TARGETED_DEVICE_FAMILY = 1;
			};
			name = Release;
		};
		2F2FD713262FFF6900EC6A95 /* Debug */ = {
			isa = XCBuildConfiguration;
			baseConfigurationReference = 83716A0D632CF57FC7432675 /* Pods-roam_interviewTests.debug.xcconfig */;
			buildSettings = {
				ALWAYS_EMBED_SWIFT_STANDARD_LIBRARIES = YES;
				BUNDLE_LOADER = "$(TEST_HOST)";
				CODE_SIGN_STYLE = Automatic;
				DEVELOPMENT_TEAM = 2H486ZZW34;
				INFOPLIST_FILE = roam_interviewTests/Info.plist;
				IPHONEOS_DEPLOYMENT_TARGET = 14.4;
				LD_RUNPATH_SEARCH_PATHS = (
					"$(inherited)",
					"@executable_path/Frameworks",
					"@loader_path/Frameworks",
				);
				PRODUCT_BUNDLE_IDENTIFIER = "com.dev.roam-interviewTests";
				PRODUCT_NAME = "$(TARGET_NAME)";
				SWIFT_VERSION = 5.0;
				TARGETED_DEVICE_FAMILY = "1,2";
				TEST_HOST = "$(BUILT_PRODUCTS_DIR)/roam_interview.app/roam_interview";
			};
			name = Debug;
		};
		2F2FD714262FFF6900EC6A95 /* Release */ = {
			isa = XCBuildConfiguration;
			baseConfigurationReference = 85EEB896665B90131A9A92AC /* Pods-roam_interviewTests.release.xcconfig */;
			buildSettings = {
				ALWAYS_EMBED_SWIFT_STANDARD_LIBRARIES = YES;
				BUNDLE_LOADER = "$(TEST_HOST)";
				CODE_SIGN_STYLE = Automatic;
				DEVELOPMENT_TEAM = 2H486ZZW34;
				INFOPLIST_FILE = roam_interviewTests/Info.plist;
				IPHONEOS_DEPLOYMENT_TARGET = 14.4;
				LD_RUNPATH_SEARCH_PATHS = (
					"$(inherited)",
					"@executable_path/Frameworks",
					"@loader_path/Frameworks",
				);
				PRODUCT_BUNDLE_IDENTIFIER = "com.dev.roam-interviewTests";
				PRODUCT_NAME = "$(TARGET_NAME)";
				SWIFT_VERSION = 5.0;
				TARGETED_DEVICE_FAMILY = "1,2";
				TEST_HOST = "$(BUILT_PRODUCTS_DIR)/roam_interview.app/roam_interview";
			};
			name = Release;
		};
		2F2FD716262FFF6900EC6A95 /* Debug */ = {
			isa = XCBuildConfiguration;
			baseConfigurationReference = 52E18A01A6134BBA2B8F651C /* Pods-roam_interview-roam_interviewUITests.debug.xcconfig */;
			buildSettings = {
				ALWAYS_EMBED_SWIFT_STANDARD_LIBRARIES = YES;
				CODE_SIGN_STYLE = Automatic;
				DEVELOPMENT_TEAM = 2H486ZZW34;
				INFOPLIST_FILE = roam_interviewUITests/Info.plist;
				LD_RUNPATH_SEARCH_PATHS = (
					"$(inherited)",
					"@executable_path/Frameworks",
					"@loader_path/Frameworks",
				);
				PRODUCT_BUNDLE_IDENTIFIER = "com.dev.roam-interviewUITests";
				PRODUCT_NAME = "$(TARGET_NAME)";
				SWIFT_VERSION = 5.0;
				TARGETED_DEVICE_FAMILY = "1,2";
				TEST_TARGET_NAME = roam_interview;
			};
			name = Debug;
		};
		2F2FD717262FFF6900EC6A95 /* Release */ = {
			isa = XCBuildConfiguration;
			baseConfigurationReference = 97412E709067B3597A105B0B /* Pods-roam_interview-roam_interviewUITests.release.xcconfig */;
			buildSettings = {
				ALWAYS_EMBED_SWIFT_STANDARD_LIBRARIES = YES;
				CODE_SIGN_STYLE = Automatic;
				DEVELOPMENT_TEAM = 2H486ZZW34;
				INFOPLIST_FILE = roam_interviewUITests/Info.plist;
				LD_RUNPATH_SEARCH_PATHS = (
					"$(inherited)",
					"@executable_path/Frameworks",
					"@loader_path/Frameworks",
				);
				PRODUCT_BUNDLE_IDENTIFIER = "com.dev.roam-interviewUITests";
				PRODUCT_NAME = "$(TARGET_NAME)";
				SWIFT_VERSION = 5.0;
				TARGETED_DEVICE_FAMILY = "1,2";
				TEST_TARGET_NAME = roam_interview;
			};
			name = Release;
		};
/* End XCBuildConfiguration section */

/* Begin XCConfigurationList section */
		2F2FD6DD262FFF6200EC6A95 /* Build configuration list for PBXProject "roam_interview" */ = {
			isa = XCConfigurationList;
			buildConfigurations = (
				2F2FD70D262FFF6900EC6A95 /* Debug */,
				2F2FD70E262FFF6900EC6A95 /* Release */,
			);
			defaultConfigurationIsVisible = 0;
			defaultConfigurationName = Release;
		};
		2F2FD70F262FFF6900EC6A95 /* Build configuration list for PBXNativeTarget "roam_interview" */ = {
			isa = XCConfigurationList;
			buildConfigurations = (
				2F2FD710262FFF6900EC6A95 /* Debug */,
				2F2FD711262FFF6900EC6A95 /* Release */,
			);
			defaultConfigurationIsVisible = 0;
			defaultConfigurationName = Release;
		};
		2F2FD712262FFF6900EC6A95 /* Build configuration list for PBXNativeTarget "roam_interviewTests" */ = {
			isa = XCConfigurationList;
			buildConfigurations = (
				2F2FD713262FFF6900EC6A95 /* Debug */,
				2F2FD714262FFF6900EC6A95 /* Release */,
			);
			defaultConfigurationIsVisible = 0;
			defaultConfigurationName = Release;
		};
		2F2FD715262FFF6900EC6A95 /* Build configuration list for PBXNativeTarget "roam_interviewUITests" */ = {
			isa = XCConfigurationList;
			buildConfigurations = (
				2F2FD716262FFF6900EC6A95 /* Debug */,
				2F2FD717262FFF6900EC6A95 /* Release */,
			);
			defaultConfigurationIsVisible = 0;
			defaultConfigurationName = Release;
		};
/* End XCConfigurationList section */

/* Begin XCVersionGroup section */
		2F2FD6EE262FFF6200EC6A95 /* roam_interview.xcdatamodeld */ = {
			isa = XCVersionGroup;
			children = (
				2F2FD6EF262FFF6200EC6A95 /* roam_interview.xcdatamodel */,
			);
			currentVersion = 2F2FD6EF262FFF6200EC6A95 /* roam_interview.xcdatamodel */;
			path = roam_interview.xcdatamodeld;
			sourceTree = "<group>";
			versionGroupType = wrapper.xcdatamodel;
		};
/* End XCVersionGroup section */
	};
	rootObject = 2F2FD6DA262FFF6200EC6A95 /* Project object */;
}
